github.com/gethugothemes/hugo-modules/adsense v0.0.0-20230302065450-840f6ac26eea h1:dFu+FBlYiXjhEr1xcgC7GzTEOAxK4wJDXPrdY2T4BgY=
github.com/gethugothemes/hugo-modules/adsense v0.0.0-20230302065450-840f6ac26eea/go.mod h1:8p/gG/cyyu20z4q5cFN/JGE5TOFA55Xsp+aIP9KCsqo=
github.com/gethugothemes/hugo-modules/components/cookie-consent v0.0.0-20230302065450-840f6ac26eea h1:W9P3EqumTB5n9ZOkFV4ogYPaJ+hTZTsgQodT4+W5TM4=
github.com/gethugothemes/hugo-modules/components/cookie-consent v0.0.0-20230302065450-840f6ac26eea/go.mod h1:511ERLpGe3ZTfV2z/NAtUSR5NqKF26h9z5lU/zYV4YQ=
github.com/gethugothemes/hugo-modules/components/crisp-chat v0.0.0-20230302065450-840f6ac26eea h1:cDbASpHHSdM47U96E6rWbMQsPK87R3tQxSzwsr51kRs=
github.com/gethugothemes/hugo-modules/components/crisp-chat v0.0.0-20230302065450-840f6ac26eea/go.mod h1:qiV/PIeVY59RD2W885rFWc7b62uovQZO6VPFHeP5LT0=
github.com/gethugothemes/hugo-modules/components/custom-script v0.0.0-20230302065450-840f6ac26eea h1:sFL16CFvPYVRwoRzZEv+Ia/Zcjb2vY5yTmh0PhYB7Ck=
github.com/gethugothemes/hugo-modules/components/custom-script v0.0.0-20230302065450-840f6ac26eea/go.mod h1:RuDHq4WnK8sNEzAIJr4BZQ7oXhzcct/EKaAxc2Xvi9E=
github.com/gethugothemes/hugo-modules/components/preloader v0.0.0-20230302065450-840f6ac26eea h1:/S0YkJ4ppHmEzQcUeEWufHcRKPmo73QOcqxZCdLhTAs=
github.com/gethugothemes/hugo-modules/components/preloader v0.0.0-20230302065450-840f6ac26eea/go.mod h1:FP0iQ3tMOesuWFZhLst2KEvUEYPb5Jk1GW+QBP9lrwg=
github.com/gethugothemes/hugo-modules/components/render-link v0.0.0-20230302065450-840f6ac26eea h1:J5jgJSKPhfFIT/fbjWrqrnnj/vwfgiU7xfhgtn5TUBA=
github.com/gethugothemes/hugo-modules/components/render-link v0.0.0-20230302065450-840f6ac26eea/go.mod h1:z3YcIeEBUonAoRDY1/Jv1ojNVkZ5ud35a0Nn8L4Inx0=
github.com/gethugothemes/hugo-modules/components/social-share v0.0.0-20230302065450-840f6ac26eea h1:QbFrIV9pokgCPTekf4pM9Swaqcls3ApBhQZXPTDJh54=
github.com/gethugothemes/hugo-modules/components/social-share v0.0.0-20230302065450-840f6ac26eea/go.mod h1:Gcj4RM/EBECsJMZnPeWjfy/1roRYGqzV9GYNmeHkvFA=
github.com/gethugothemes/hugo-modules/components/valine-comment v0.0.0-20230302065450-840f6ac26eea h1:jqMHoY8pN1dEsVZH89lmGE8qP5Ep71VZmsu88XevVAQ=
github.com/gethugothemes/hugo-modules/components/valine-comment v0.0.0-20230302065450-840f6ac26eea/go.mod h1:fqeY2MbVoFf9OB8dtyJTnfNNa3qChIX9wsY32VVBYrQ=
github.com/gethugothemes/hugo-modules/gzip-caching v0.0.0-20230302065450-840f6ac26eea h1:rS+qUO6pqXFoRSY13rQSAv7HVFoP2MP4CtYxvAhdua4=
github.com/gethugothemes/hugo-modules/gzip-caching v0.0.0-20230302065450-840f6ac26eea/go.mod h1:0ZMjTZVG4XLZU2/icc8Saqo4mmgMpfRTrUZU2Aa2Pwg=
github.com/gethugothemes/hugo-modules/icons/font-awesome v0.0.0-20230302065450-840f6ac26eea h1:KDrYKCCzcFOfzJ6FOO6w+aApR9oeFkSa207SS66sNDI=
github.com/gethugothemes/hugo-modules/icons/font-awesome v0.0.0-20230302065450-840f6ac26eea/go.mod h1:d3gy1vQyfasPmGpau7HpQLrXbOv23PfXclSnjyOBxeU=
github.com/gethugothemes/hugo-modules/images v0.0.0-20230302065450-840f6ac26eea h1:QFo5stgiMOecBCvgjG7l5JjPJfs2wJY5TVpCeqLjL0w=
github.com/gethugothemes/hugo-modules/images v0.0.0-20230302065450-840f6ac26eea/go.mod h1:FKliP3qOW9diIcQeLtyZ0Hdhg3PL8bdAkC/6O+XtU90=
github.com/gethugothemes/hugo-modules/pwa v0.0.0-20230302065450-840f6ac26eea h1:s0X2NQXdSZ+61N4/yDXXIqlACgE/4KLEkZTASHT+cOM=
github.com/gethugothemes/hugo-modules/pwa v0.0.0-20230302065450-840f6ac26eea/go.mod h1:TRv7iszdfo37O1PbBEE+S8X/enAdpRIxK5DGrp13Qbo=
github.com/gethugothemes/hugo-modules/seo-tools/baidu-analytics v0.0.0-20230302065450-840f6ac26eea h1:p6igEez4u90PjJzTb/7AhakTwTusmYzcarEM/5nbjEE=
github.com/gethugothemes/hugo-modules/seo-tools/baidu-analytics v0.0.0-20230302065450-840f6ac26eea/go.mod h1:D/bbq2hSHE+r582zpC3rEdvuk8GufDnq9sGL3xCk/C0=
github.com/gethugothemes/hugo-modules/seo-tools/basic-seo v0.0.0-20230302065450-840f6ac26eea h1:Zjvz+uBrJUSiHcIh25NHopGqcbWIU8mbrivZNgNgHHo=
github.com/gethugothemes/hugo-modules/seo-tools/basic-seo v0.0.0-20230302065450-840f6ac26eea/go.mod h1:Q8dPgjamV7pxwKSQyWV21Xwh5CGi23/k+M8HPTphYbs=
github.com/gethugothemes/hugo-modules/seo-tools/counter-analytics v0.0.0-20230302065450-840f6ac26eea h1:EtpdrDnYhIl9WCzqvR4Tb1pHFaeh5fZviLcBX1bdOKc=
github.com/gethugothemes/hugo-modules/seo-tools/counter-analytics v0.0.0-20230302065450-840f6ac26eea/go.mod h1:3kPooRg0PWUkciccThPQbBvIpTfSCo7W9mc3a5GxXHs=
github.com/gethugothemes/hugo-modules/seo-tools/google-tag-manager v0.0.0-20230302065450-840f6ac26eea h1:Nknl2GGvMmAHy5ZG00/Y+nxTmaaaMP/MwmkfbwhipKA=
github.com/gethugothemes/hugo-modules/seo-tools/google-tag-manager v0.0.0-20230302065450-840f6ac26eea/go.mod h1:cCq50yd55eFTrpqOfeyOK5X0hU5E7qxsqOD7IzTsgLA=
github.com/gethugothemes/hugo-modules/seo-tools/matomo-analytics v0.0.0-20230302065450-840f6ac26eea h1:1a/ztDOyZ6QwqxCUN4yLOqIyOkEFZ/9EZuijuA7AIbY=
github.com/gethugothemes/hugo-modules/seo-tools/matomo-analytics v0.0.0-20230302065450-840f6ac26eea/go.mod h1:P2GLltWjXFBJlatFKh4l6WOBszW7+f09myLkZoBBgEs=
github.com/gethugothemes/hugo-modules/seo-tools/plausible-analytics v0.0.0-20230302065450-840f6ac26eea h1:bq4IZXLWoE1RNRkFjJ2Xkg95UItZtQZa15qCKcu1x2s=
github.com/gethugothemes/hugo-modules/seo-tools/plausible-analytics v0.0.0-20230302065450-840f6ac26eea/go.mod h1:MOJtK8ttzyqQiqs0xQkk6xgPaxGbcH7WI5thobpNvqg=
github.com/gethugothemes/hugo-modules/seo-tools/site-verifications v0.0.0-20230302065450-840f6ac26eea h1:lyGseXWS/c8Q7AHKejFTB3hrPrpKdwBAKboLVl9xq18=
github.com/gethugothemes/hugo-modules/seo-tools/site-verifications v0.0.0-20230302065450-840f6ac26eea/go.mod h1:iXielaya126qJscz7Bc2G2WB91moloQOoWru6UoBUyE=
github.com/gethugothemes/hugo-modules/shortcodes/buttons v0.0.0-20230302065450-840f6ac26eea h1:90VZNIDgYskAn1eRk2JFQb59GQf8khccHbPZE6cajcI=
github.com/gethugothemes/hugo-modules/shortcodes/buttons v0.0.0-20230302065450-840f6ac26eea/go.mod h1:hK/aFl0KkirVRFYnljg3c0qBAOwk4W5Isd+YN7UDMvg=
github.com/gethugothemes/hugo-modules/shortcodes/codepen v0.0.0-20230302065450-840f6ac26eea h1:6TkFT0uIrrP19UIKjAiqY9j3Zxdc0n3qOE3+xZ5lzjE=
github.com/gethugothemes/hugo-modules/shortcodes/codepen v0.0.0-20230302065450-840f6ac26eea/go.mod h1:Y4eAJ7fkCSC6k6fl1+qF4DIoRepAYyB9Om4kBCAixcg=
github.com/gethugothemes/hugo-modules/shortcodes/collapse v0.0.0-20230302065450-840f6ac26eea h1:+wRf4bwHHl4Li0tROzj8wyA8G5L/tf/VIEPBRRKD6Fs=
github.com/gethugothemes/hugo-modules/shortcodes/collapse v0.0.0-20230302065450-840f6ac26eea/go.mod h1:rBCFuR+QzMk0S1npR0zVDzgocFncOmyxWToJlRw4ZxU=
github.com/gethugothemes/hugo-modules/shortcodes/gallery v0.0.0-20230302065450-840f6ac26eea h1:EMS+I+3ShVC+2BT2lj+6CmhE12Qf+qXDnaIp9vh7KIM=
github.com/gethugothemes/hugo-modules/shortcodes/gallery v0.0.0-20230302065450-840f6ac26eea/go.mod h1:nPS/s/W7rrOwgt46g4/tOkBhiJzg61M6AzUbGbNTNKY=
github.com/gethugothemes/hugo-modules/shortcodes/image v0.0.0-20230302065450-840f6ac26eea h1:9ZTW3utVe+zB6/vXngaAFBnKYCcE3DcslQyKfvFAfvI=
github.com/gethugothemes/hugo-modules/shortcodes/image v0.0.0-20230302065450-840f6ac26eea/go.mod h1:CvUvHWRzyxRgElLI2cyo9ZYAqExHsKjCiITbuVsKkuE=
github.com/gethugothemes/hugo-modules/shortcodes/notice v0.0.0-20230302065450-840f6ac26eea h1:ia2LHdkFnshzZzoHrMYAQtXVdPWfsthHil2+81IOuRc=
github.com/gethugothemes/hugo-modules/shortcodes/notice v0.0.0-20230302065450-840f6ac26eea/go.mod h1:ljWyMJx82WA+6SlKjbGFhEdxcriyvUTCjXkJHDa4lho=
github.com/gethugothemes/hugo-modules/shortcodes/table-of-contents v0.0.0-20230302065450-840f6ac26eea h1:pX7dM/wgD1LtMuXLu7bqJy7kGDOx+YBhQF6vi0oGwNU=
github.com/gethugothemes/hugo-modules/shortcodes/table-of-contents v0.0.0-20230302065450-840f6ac26eea/go.mod h1:LKCp/rg9cHtfjHpIEYmpR8kuauI8JNN79nmdkFURXp0=
github.com/gethugothemes/hugo-modules/shortcodes/tabs v0.0.0-20230302065450-840f6ac26eea h1:2FRmSvSO8SO3MQIm1c0bOy1OnHoQfYTdBwmUFBt0V4c=
github.com/gethugothemes/hugo-modules/shortcodes/tabs v0.0.0-20230302065450-840f6ac26eea/go.mod h1:zaQhvQgsSOWfSm/zP3NbWWEfrxgrcdpBblljz2IA2vA=
github.com/gethugothemes/hugo-modules/shortcodes/video v0.0.0-20230302065450-840f6ac26eea h1:xSJWVSDwRvQpXCOraDdTcmga8d7g1XN+A+2PPZmuXQQ=
github.com/gethugothemes/hugo-modules/shortcodes/video v0.0.0-20230302065450-840f6ac26eea/go.mod h1:s5CHMBd7/NalnckFfRhZJvqXPY/QTrluDvRgZm7+Cr0=
github.com/gethugothemes/hugo-modules/shortcodes/vimeo-lite v0.0.0-20230302065450-840f6ac26eea h1:VbYk+blLjeYhPEp7YmyqO5LfdEYAnFM9Q1IzvisrlNk=
github.com/gethugothemes/hugo-modules/shortcodes/vimeo-lite v0.0.0-20230302065450-840f6ac26eea/go.mod h1:Ac9Ell5o+JV5DZ9dBgW767ZcSvoz/x+2UuFLvMoThwk=
github.com/gethugothemes/hugo-modules/shortcodes/youtube-lite v0.0.0-20230302065450-840f6ac26eea h1:Og27NlMwYyRGC2OB1jtU0MqU2XAL7aYYphX5wYRuGig=
github.com/gethugothemes/hugo-modules/shortcodes/youtube-lite v0.0.0-20230302065450-840f6ac26eea/go.mod h1:DtWNw6au8NQg1Y0x470DstCHqjWZPnwm61Uu6ZIMy50=
github.com/gohugoio/hugo-mod-bootstrap-scss/v5 v5.20200.20101 h1:wUe8RXjpJYs83CucuWJT7XuqCzQ52f5/N7zlV8woHEg=
github.com/gohugoio/hugo-mod-bootstrap-scss/v5 v5.20200.20101/go.mod h1:Z5Bhe4pfn8reoHhWqCQMWEAynLCIeBAt1TDwni4fipM=
github.com/gohugoio/hugo-mod-jslibs-dist/popperjs/v2 v2.21100.20000/go.mod h1:mFberT6ZtcchrsDtfvJM7aAH2bDKLdOnruUHl0hlapI=
github.com/twbs/bootstrap v5.2.1+incompatible/go.mod h1:fZTSrkpSf0/HkL0IIJzvVspTt1r9zuf7XlZau8kpcY0=
