github.com/gethugothemes/hugo-modules/adsense v0.0.0-20230523090313-dc76da1e8c82 h1:0IowRhgMVarM2KHxlPD8pm4Dq4fSRGGS9CuZ2wDM11g=
github.com/gethugothemes/hugo-modules/adsense v0.0.0-20230523090313-dc76da1e8c82/go.mod h1:8p/gG/cyyu20z4q5cFN/JGE5TOFA55Xsp+aIP9KCsqo=
github.com/gethugothemes/hugo-modules/components/cookie-consent v0.0.0-20230523090313-dc76da1e8c82 h1:vbdTODkbPM5NXjQP5kIdM2PyLNRw2XgWi8wZAvc0Cjc=
github.com/gethugothemes/hugo-modules/components/cookie-consent v0.0.0-20230523090313-dc76da1e8c82/go.mod h1:511ERLpGe3ZTfV2z/NAtUSR5NqKF26h9z5lU/zYV4YQ=
github.com/gethugothemes/hugo-modules/components/crisp-chat v0.0.0-20230523090313-dc76da1e8c82 h1:alzjHp7tRlIU0UvLiQtfwWolyaH4M+FuQbG/sfTSkbI=
github.com/gethugothemes/hugo-modules/components/crisp-chat v0.0.0-20230523090313-dc76da1e8c82/go.mod h1:qiV/PIeVY59RD2W885rFWc7b62uovQZO6VPFHeP5LT0=
github.com/gethugothemes/hugo-modules/components/custom-script v0.0.0-20230523090313-dc76da1e8c82 h1:rLAxd5wrBFW1gm7Oak7Ez2XYBBvXkYe2dbUXtpG0dxM=
github.com/gethugothemes/hugo-modules/components/custom-script v0.0.0-20230523090313-dc76da1e8c82/go.mod h1:RuDHq4WnK8sNEzAIJr4BZQ7oXhzcct/EKaAxc2Xvi9E=
github.com/gethugothemes/hugo-modules/components/preloader v0.0.0-20230523090313-dc76da1e8c82 h1:kEOEcxv3BbojDFayiro6O8sw/tutUgq5otVrL1hq+/8=
github.com/gethugothemes/hugo-modules/components/preloader v0.0.0-20230523090313-dc76da1e8c82/go.mod h1:FP0iQ3tMOesuWFZhLst2KEvUEYPb5Jk1GW+QBP9lrwg=
github.com/gethugothemes/hugo-modules/components/render-link v0.0.0-20230523090313-dc76da1e8c82 h1:4wSqC0vdy4guA6cnfeG+Puz0ZcR/XfXkVe65vOqzFT8=
github.com/gethugothemes/hugo-modules/components/render-link v0.0.0-20230523090313-dc76da1e8c82/go.mod h1:z3YcIeEBUonAoRDY1/Jv1ojNVkZ5ud35a0Nn8L4Inx0=
github.com/gethugothemes/hugo-modules/components/social-share v0.0.0-20230523090313-dc76da1e8c82 h1:5Y/HBicKT/PisUKmFHIW43xKdCkjwzq4hCy3ibvQriw=
github.com/gethugothemes/hugo-modules/components/social-share v0.0.0-20230523090313-dc76da1e8c82/go.mod h1:Gcj4RM/EBECsJMZnPeWjfy/1roRYGqzV9GYNmeHkvFA=
github.com/gethugothemes/hugo-modules/gzip-caching v0.0.0-20230523090313-dc76da1e8c82 h1:1pdiexdQHNX2+dMZAzM5XtQR+zcQImb6HoN1TXP9pQo=
github.com/gethugothemes/hugo-modules/gzip-caching v0.0.0-20230523090313-dc76da1e8c82/go.mod h1:0ZMjTZVG4XLZU2/icc8Saqo4mmgMpfRTrUZU2Aa2Pwg=
github.com/gethugothemes/hugo-modules/icons/font-awesome v0.0.0-20230523090313-dc76da1e8c82 h1:usa/Qe/nAaQo/QWuvbkcseexNYGZyJQxqRhvzFWzFPQ=
github.com/gethugothemes/hugo-modules/icons/font-awesome v0.0.0-20230523090313-dc76da1e8c82/go.mod h1:d3gy1vQyfasPmGpau7HpQLrXbOv23PfXclSnjyOBxeU=
github.com/gethugothemes/hugo-modules/images v0.0.0-20230523090313-dc76da1e8c82 h1:4t2GzUJCeMvEzQUdB4YkgZ64Z+6TnURnP2nHLzs5/+0=
github.com/gethugothemes/hugo-modules/images v0.0.0-20230523090313-dc76da1e8c82/go.mod h1:FKliP3qOW9diIcQeLtyZ0Hdhg3PL8bdAkC/6O+XtU90=
github.com/gethugothemes/hugo-modules/pwa v0.0.0-20230523090313-dc76da1e8c82 h1:mkKvuPQuDvowbXHzpJFiuEbjjcRYu/QtM0a1a+3yi0U=
github.com/gethugothemes/hugo-modules/pwa v0.0.0-20230523090313-dc76da1e8c82/go.mod h1:TRv7iszdfo37O1PbBEE+S8X/enAdpRIxK5DGrp13Qbo=
github.com/gethugothemes/hugo-modules/seo-tools/baidu-analytics v0.0.0-20230523090313-dc76da1e8c82 h1:mlLKbd7JpZqRGNzZREexA4w/3gJ4DWDrd5pVKv16XME=
github.com/gethugothemes/hugo-modules/seo-tools/baidu-analytics v0.0.0-20230523090313-dc76da1e8c82/go.mod h1:D/bbq2hSHE+r582zpC3rEdvuk8GufDnq9sGL3xCk/C0=
github.com/gethugothemes/hugo-modules/seo-tools/basic-seo v0.0.0-20230523090313-dc76da1e8c82 h1:LxC9RaNH9FwpDQfUBLSwW+Hbwj2xJUVaePqrEflYwBw=
github.com/gethugothemes/hugo-modules/seo-tools/basic-seo v0.0.0-20230523090313-dc76da1e8c82/go.mod h1:Q8dPgjamV7pxwKSQyWV21Xwh5CGi23/k+M8HPTphYbs=
github.com/gethugothemes/hugo-modules/seo-tools/counter-analytics v0.0.0-20230523090313-dc76da1e8c82 h1:9UdLwT8aiSw7oOj04el9HZKiR53ouEllRjSMdiGauOA=
github.com/gethugothemes/hugo-modules/seo-tools/counter-analytics v0.0.0-20230523090313-dc76da1e8c82/go.mod h1:3kPooRg0PWUkciccThPQbBvIpTfSCo7W9mc3a5GxXHs=
github.com/gethugothemes/hugo-modules/seo-tools/google-tag-manager v0.0.0-20230523090313-dc76da1e8c82 h1:6Zj7bRfz6J/zhuCEqQOV8b4XDZT0a1UEYON5hF4ruFU=
github.com/gethugothemes/hugo-modules/seo-tools/google-tag-manager v0.0.0-20230523090313-dc76da1e8c82/go.mod h1:cCq50yd55eFTrpqOfeyOK5X0hU5E7qxsqOD7IzTsgLA=
github.com/gethugothemes/hugo-modules/seo-tools/matomo-analytics v0.0.0-20230523090313-dc76da1e8c82 h1:khqcYVTIJ364RS+miJ9DbP1xCalDf26CuCWVny7JZKY=
github.com/gethugothemes/hugo-modules/seo-tools/matomo-analytics v0.0.0-20230523090313-dc76da1e8c82/go.mod h1:P2GLltWjXFBJlatFKh4l6WOBszW7+f09myLkZoBBgEs=
github.com/gethugothemes/hugo-modules/seo-tools/plausible-analytics v0.0.0-20230523090313-dc76da1e8c82 h1:LmIKxvEre6P+kUwBck1vZtIwBUW94BhrzdQ9eaAIyqE=
github.com/gethugothemes/hugo-modules/seo-tools/plausible-analytics v0.0.0-20230523090313-dc76da1e8c82/go.mod h1:MOJtK8ttzyqQiqs0xQkk6xgPaxGbcH7WI5thobpNvqg=
github.com/gethugothemes/hugo-modules/seo-tools/site-verifications v0.0.0-20230523090313-dc76da1e8c82 h1:x7HjujpH0hm3fk1yowuDu+iY6gxAQd89SCGQAxSxmLg=
github.com/gethugothemes/hugo-modules/seo-tools/site-verifications v0.0.0-20230523090313-dc76da1e8c82/go.mod h1:iXielaya126qJscz7Bc2G2WB91moloQOoWru6UoBUyE=
github.com/gethugothemes/hugo-modules/shortcodes/buttons v0.0.0-20230523090313-dc76da1e8c82 h1:EHxeLlfa9d4hJBw4BR73NJoKA0JEGqPMpIP2Z14PVDk=
github.com/gethugothemes/hugo-modules/shortcodes/buttons v0.0.0-20230523090313-dc76da1e8c82/go.mod h1:hK/aFl0KkirVRFYnljg3c0qBAOwk4W5Isd+YN7UDMvg=
github.com/gethugothemes/hugo-modules/shortcodes/codepen v0.0.0-20230523090313-dc76da1e8c82 h1:Vp21JrfLVVBxxv51SvP088qZE1dSrON7LnyVk8YWl70=
github.com/gethugothemes/hugo-modules/shortcodes/codepen v0.0.0-20230523090313-dc76da1e8c82/go.mod h1:Y4eAJ7fkCSC6k6fl1+qF4DIoRepAYyB9Om4kBCAixcg=
github.com/gethugothemes/hugo-modules/shortcodes/collapse v0.0.0-20230523090313-dc76da1e8c82 h1:0c76dUFe570sPD9Izx1Py6Adaw58fLW24+ME4/MRj1k=
github.com/gethugothemes/hugo-modules/shortcodes/collapse v0.0.0-20230523090313-dc76da1e8c82/go.mod h1:rBCFuR+QzMk0S1npR0zVDzgocFncOmyxWToJlRw4ZxU=
github.com/gethugothemes/hugo-modules/shortcodes/gallery v0.0.0-20230523090313-dc76da1e8c82 h1:UraSpAmGQ6T+SFgd9Y30bVqHLzhp7oxpLjeaCtU77+M=
github.com/gethugothemes/hugo-modules/shortcodes/gallery v0.0.0-20230523090313-dc76da1e8c82/go.mod h1:nPS/s/W7rrOwgt46g4/tOkBhiJzg61M6AzUbGbNTNKY=
github.com/gethugothemes/hugo-modules/shortcodes/image v0.0.0-20230319072738-434beec46458 h1:8FlNKj0BcNWbCSj4LPZxX/zE6BOnJIK1i6giLEfFwgw=
github.com/gethugothemes/hugo-modules/shortcodes/image v0.0.0-20230319072738-434beec46458/go.mod h1:CvUvHWRzyxRgElLI2cyo9ZYAqExHsKjCiITbuVsKkuE=
github.com/gethugothemes/hugo-modules/shortcodes/notice v0.0.0-20230523090313-dc76da1e8c82 h1:IN8TPCiOsVDv0zrknAgjauElwxw10PFppDYQVW4eAYk=
github.com/gethugothemes/hugo-modules/shortcodes/notice v0.0.0-20230523090313-dc76da1e8c82/go.mod h1:ljWyMJx82WA+6SlKjbGFhEdxcriyvUTCjXkJHDa4lho=
github.com/gethugothemes/hugo-modules/shortcodes/table-of-contents v0.0.0-20230523090313-dc76da1e8c82 h1:1JTV9o4MYjSRvnvw/YGN7QtVogUIi0N45ky4HO2iH9I=
github.com/gethugothemes/hugo-modules/shortcodes/table-of-contents v0.0.0-20230523090313-dc76da1e8c82/go.mod h1:LKCp/rg9cHtfjHpIEYmpR8kuauI8JNN79nmdkFURXp0=
github.com/gethugothemes/hugo-modules/shortcodes/tabs v0.0.0-20230523090313-dc76da1e8c82 h1:Ay02PzcGC9XzHSJ8g/vK2SEyTQgiF0K80PRXEaBEXSM=
github.com/gethugothemes/hugo-modules/shortcodes/tabs v0.0.0-20230523090313-dc76da1e8c82/go.mod h1:zaQhvQgsSOWfSm/zP3NbWWEfrxgrcdpBblljz2IA2vA=
github.com/gethugothemes/hugo-modules/shortcodes/video v0.0.0-20230523090313-dc76da1e8c82 h1:q5jBx1S6LvG6hEbALgoT+hyucrNwUXIUp1tAapVu15Q=
github.com/gethugothemes/hugo-modules/shortcodes/video v0.0.0-20230523090313-dc76da1e8c82/go.mod h1:s5CHMBd7/NalnckFfRhZJvqXPY/QTrluDvRgZm7+Cr0=
github.com/gethugothemes/hugo-modules/shortcodes/vimeo-lite v0.0.0-20230523090313-dc76da1e8c82 h1:r1qO9g5eKJmD/aDLnc13Nlw91wC3XgFAG9OxkHvSDhI=
github.com/gethugothemes/hugo-modules/shortcodes/vimeo-lite v0.0.0-20230523090313-dc76da1e8c82/go.mod h1:Ac9Ell5o+JV5DZ9dBgW767ZcSvoz/x+2UuFLvMoThwk=
github.com/gethugothemes/hugo-modules/shortcodes/youtube-lite v0.0.0-20230523090313-dc76da1e8c82 h1:pM20GCIPDi0XXRxhbtFqKZjmNKbyXMQ3clhHY6M1/7E=
github.com/gethugothemes/hugo-modules/shortcodes/youtube-lite v0.0.0-20230523090313-dc76da1e8c82/go.mod h1:DtWNw6au8NQg1Y0x470DstCHqjWZPnwm61Uu6ZIMy50=
github.com/gohugoio/hugo-mod-bootstrap-scss/v5 v5.20300.20002 h1:6F6sjCSkFIIgqLp4SEIL1Ao9ZfKyM6OmgqEdTlc58Yk=
github.com/gohugoio/hugo-mod-bootstrap-scss/v5 v5.20300.20002/go.mod h1:Q6TrjM78wB13zkOMBSV4IZIZ54tbshmE2fem9CYx2pU=
github.com/gohugoio/hugo-mod-jslibs-dist/popperjs/v2 v2.21100.20000/go.mod h1:mFberT6ZtcchrsDtfvJM7aAH2bDKLdOnruUHl0hlapI=
github.com/twbs/bootstrap v5.3.0-alpha3+incompatible h1:+OQzm4u8/Brp5KMcca/ggbw58Uv8yaK26TijAD1tsRE=
github.com/twbs/bootstrap v5.3.0-alpha3+incompatible/go.mod h1:fZTSrkpSf0/HkL0IIJzvVspTt1r9zuf7XlZau8kpcY0=
