github.com/gethugothemes/hugo-modules/adsense v0.0.0-20230522112131-f98e6d34f6a4 h1:nTEN3Shim6VIWdxTCF7t1yCtmetvtPFlTgGn2/eg62s=
github.com/gethugothemes/hugo-modules/adsense v0.0.0-20230522112131-f98e6d34f6a4/go.mod h1:8p/gG/cyyu20z4q5cFN/JGE5TOFA55Xsp+aIP9KCsqo=
github.com/gethugothemes/hugo-modules/components/cookie-consent v0.0.0-20230522112131-f98e6d34f6a4 h1:n8ER+iyQeCzEzp+jgiPSYtZBq0sljWl6QFb+qC0M6+I=
github.com/gethugothemes/hugo-modules/components/cookie-consent v0.0.0-20230522112131-f98e6d34f6a4/go.mod h1:511ERLpGe3ZTfV2z/NAtUSR5NqKF26h9z5lU/zYV4YQ=
github.com/gethugothemes/hugo-modules/components/crisp-chat v0.0.0-20230522112131-f98e6d34f6a4 h1:ANE1gF4R3/3OCX3a6GzgqQ1WlfnHWfW3Z1E74OqV82o=
github.com/gethugothemes/hugo-modules/components/crisp-chat v0.0.0-20230522112131-f98e6d34f6a4/go.mod h1:qiV/PIeVY59RD2W885rFWc7b62uovQZO6VPFHeP5LT0=
github.com/gethugothemes/hugo-modules/components/custom-script v0.0.0-20230522112131-f98e6d34f6a4 h1:Jf9AnezLJrKfCtCc4fNP+kx/kTHwRqHtPOnXY5R0cnM=
github.com/gethugothemes/hugo-modules/components/custom-script v0.0.0-20230522112131-f98e6d34f6a4/go.mod h1:RuDHq4WnK8sNEzAIJr4BZQ7oXhzcct/EKaAxc2Xvi9E=
github.com/gethugothemes/hugo-modules/components/preloader v0.0.0-20230522112131-f98e6d34f6a4 h1:XgPN2HOGxh64+ot+5l/rAd2HUl7L5wx7xk2S2QtNDps=
github.com/gethugothemes/hugo-modules/components/preloader v0.0.0-20230522112131-f98e6d34f6a4/go.mod h1:FP0iQ3tMOesuWFZhLst2KEvUEYPb5Jk1GW+QBP9lrwg=
github.com/gethugothemes/hugo-modules/components/render-link v0.0.0-20230522112131-f98e6d34f6a4 h1:R5+kbYeaSUWIclCEa0f53hE4zJcXGd7KWvPT3WrI+ZE=
github.com/gethugothemes/hugo-modules/components/render-link v0.0.0-20230522112131-f98e6d34f6a4/go.mod h1:z3YcIeEBUonAoRDY1/Jv1ojNVkZ5ud35a0Nn8L4Inx0=
github.com/gethugothemes/hugo-modules/components/social-share v0.0.0-20230522112131-f98e6d34f6a4 h1:shi/E6MTS5JE5fh1O9kBG9G/Y5ENnS2MF5fY+HtufHk=
github.com/gethugothemes/hugo-modules/components/social-share v0.0.0-20230522112131-f98e6d34f6a4/go.mod h1:Gcj4RM/EBECsJMZnPeWjfy/1roRYGqzV9GYNmeHkvFA=
github.com/gethugothemes/hugo-modules/gzip-caching v0.0.0-20230522112131-f98e6d34f6a4 h1:EvT/WcvehA+wjL13e+RV844zpxZuQjltroLMPSCKpD0=
github.com/gethugothemes/hugo-modules/gzip-caching v0.0.0-20230522112131-f98e6d34f6a4/go.mod h1:0ZMjTZVG4XLZU2/icc8Saqo4mmgMpfRTrUZU2Aa2Pwg=
github.com/gethugothemes/hugo-modules/icons/font-awesome v0.0.0-20230522112131-f98e6d34f6a4 h1:nZAxoKWa0QUOc5Zs8oXpTaIgAHOe5roWdTEPefbwwsU=
github.com/gethugothemes/hugo-modules/icons/font-awesome v0.0.0-20230522112131-f98e6d34f6a4/go.mod h1:d3gy1vQyfasPmGpau7HpQLrXbOv23PfXclSnjyOBxeU=
github.com/gethugothemes/hugo-modules/images v0.0.0-20230522112131-f98e6d34f6a4 h1:QnskVeVNDdTuEtd+vCzPeLMdX7/sWOr42dScjwgsQYI=
github.com/gethugothemes/hugo-modules/images v0.0.0-20230522112131-f98e6d34f6a4/go.mod h1:FKliP3qOW9diIcQeLtyZ0Hdhg3PL8bdAkC/6O+XtU90=
github.com/gethugothemes/hugo-modules/pwa v0.0.0-20230522112131-f98e6d34f6a4 h1:kBJQGdiBLUQ88KOLTSEUO6JjGIZgu9NvpF152OW7z3U=
github.com/gethugothemes/hugo-modules/pwa v0.0.0-20230522112131-f98e6d34f6a4/go.mod h1:TRv7iszdfo37O1PbBEE+S8X/enAdpRIxK5DGrp13Qbo=
github.com/gethugothemes/hugo-modules/seo-tools/baidu-analytics v0.0.0-20230522112131-f98e6d34f6a4 h1:9ZvESJbLDt6dEM5BG9KBmolq+Ww5vKWEgDKPGJ8LzAE=
github.com/gethugothemes/hugo-modules/seo-tools/baidu-analytics v0.0.0-20230522112131-f98e6d34f6a4/go.mod h1:D/bbq2hSHE+r582zpC3rEdvuk8GufDnq9sGL3xCk/C0=
github.com/gethugothemes/hugo-modules/seo-tools/basic-seo v0.0.0-20230522112131-f98e6d34f6a4 h1:iYl+R81lr5P9+Vhi14ykIqb3HyNQGbXBX7OpA7yIP24=
github.com/gethugothemes/hugo-modules/seo-tools/basic-seo v0.0.0-20230522112131-f98e6d34f6a4/go.mod h1:Q8dPgjamV7pxwKSQyWV21Xwh5CGi23/k+M8HPTphYbs=
github.com/gethugothemes/hugo-modules/seo-tools/counter-analytics v0.0.0-20230522112131-f98e6d34f6a4 h1:/CrMvi/aUYFX7hALROopXP9lh0JC1KkpqHPMGKMoty4=
github.com/gethugothemes/hugo-modules/seo-tools/counter-analytics v0.0.0-20230522112131-f98e6d34f6a4/go.mod h1:3kPooRg0PWUkciccThPQbBvIpTfSCo7W9mc3a5GxXHs=
github.com/gethugothemes/hugo-modules/seo-tools/google-tag-manager v0.0.0-20230522112131-f98e6d34f6a4 h1:n0lDqkfyV7lkKoSV+xnCPtgv2N2HEjQcVGi0rArrKwM=
github.com/gethugothemes/hugo-modules/seo-tools/google-tag-manager v0.0.0-20230522112131-f98e6d34f6a4/go.mod h1:cCq50yd55eFTrpqOfeyOK5X0hU5E7qxsqOD7IzTsgLA=
github.com/gethugothemes/hugo-modules/seo-tools/matomo-analytics v0.0.0-20230522112131-f98e6d34f6a4 h1:OitE8hNhwh6kXqTodN3+SDhl9+tWuYASXxvvpJqehyA=
github.com/gethugothemes/hugo-modules/seo-tools/matomo-analytics v0.0.0-20230522112131-f98e6d34f6a4/go.mod h1:P2GLltWjXFBJlatFKh4l6WOBszW7+f09myLkZoBBgEs=
github.com/gethugothemes/hugo-modules/seo-tools/plausible-analytics v0.0.0-20230522112131-f98e6d34f6a4 h1:NGIvrBXNF1qT4fAj0qFeUvrXEFkgRUT2kNwqd0zRylI=
github.com/gethugothemes/hugo-modules/seo-tools/plausible-analytics v0.0.0-20230522112131-f98e6d34f6a4/go.mod h1:MOJtK8ttzyqQiqs0xQkk6xgPaxGbcH7WI5thobpNvqg=
github.com/gethugothemes/hugo-modules/seo-tools/site-verifications v0.0.0-20230522112131-f98e6d34f6a4 h1:2dFeGWh2D549s9GvJW0c2+7DoxPAERZWAg4bHpwU7Ek=
github.com/gethugothemes/hugo-modules/seo-tools/site-verifications v0.0.0-20230522112131-f98e6d34f6a4/go.mod h1:iXielaya126qJscz7Bc2G2WB91moloQOoWru6UoBUyE=
github.com/gethugothemes/hugo-modules/shortcodes/buttons v0.0.0-20230522112131-f98e6d34f6a4 h1:punbQoUyiaPxDXHtxiasjK9FZXpCbIly8/8C5IlJJWk=
github.com/gethugothemes/hugo-modules/shortcodes/buttons v0.0.0-20230522112131-f98e6d34f6a4/go.mod h1:hK/aFl0KkirVRFYnljg3c0qBAOwk4W5Isd+YN7UDMvg=
github.com/gethugothemes/hugo-modules/shortcodes/codepen v0.0.0-20230522112131-f98e6d34f6a4 h1:1Mo+u9WGByCIDUGtMdgB7WWldRYSdU0S/Z2EpqfYUBE=
github.com/gethugothemes/hugo-modules/shortcodes/codepen v0.0.0-20230522112131-f98e6d34f6a4/go.mod h1:Y4eAJ7fkCSC6k6fl1+qF4DIoRepAYyB9Om4kBCAixcg=
github.com/gethugothemes/hugo-modules/shortcodes/collapse v0.0.0-20230522112131-f98e6d34f6a4 h1:w+S+NFZPPjdrb5oCnq4N5GKLObm3iVvUXkBAS8skQug=
github.com/gethugothemes/hugo-modules/shortcodes/collapse v0.0.0-20230522112131-f98e6d34f6a4/go.mod h1:rBCFuR+QzMk0S1npR0zVDzgocFncOmyxWToJlRw4ZxU=
github.com/gethugothemes/hugo-modules/shortcodes/gallery v0.0.0-20230522112131-f98e6d34f6a4 h1:d1Kas5bp8YDVylzPS/CGHcXDs9dnoNz3UJB10p+DRjQ=
github.com/gethugothemes/hugo-modules/shortcodes/gallery v0.0.0-20230522112131-f98e6d34f6a4/go.mod h1:nPS/s/W7rrOwgt46g4/tOkBhiJzg61M6AzUbGbNTNKY=
github.com/gethugothemes/hugo-modules/shortcodes/image v0.0.0-20230319072738-434beec46458 h1:8FlNKj0BcNWbCSj4LPZxX/zE6BOnJIK1i6giLEfFwgw=
github.com/gethugothemes/hugo-modules/shortcodes/image v0.0.0-20230319072738-434beec46458/go.mod h1:CvUvHWRzyxRgElLI2cyo9ZYAqExHsKjCiITbuVsKkuE=
github.com/gethugothemes/hugo-modules/shortcodes/notice v0.0.0-20230522112131-f98e6d34f6a4 h1:6lXkN/eDzaz6JiuzSwvdtz2Rq/iGYKbHWgUVzlD/FWc=
github.com/gethugothemes/hugo-modules/shortcodes/notice v0.0.0-20230522112131-f98e6d34f6a4/go.mod h1:ljWyMJx82WA+6SlKjbGFhEdxcriyvUTCjXkJHDa4lho=
github.com/gethugothemes/hugo-modules/shortcodes/table-of-contents v0.0.0-20230522112131-f98e6d34f6a4 h1:8RSdchz5B03wQ6S5wh3p3ct5n6hmZCdWGmvnfMGB+B0=
github.com/gethugothemes/hugo-modules/shortcodes/table-of-contents v0.0.0-20230522112131-f98e6d34f6a4/go.mod h1:LKCp/rg9cHtfjHpIEYmpR8kuauI8JNN79nmdkFURXp0=
github.com/gethugothemes/hugo-modules/shortcodes/tabs v0.0.0-20230522112131-f98e6d34f6a4 h1:Uemq14neqG80TpCuKZ289QiJ+cRoZkIPmw0cbXPTbS4=
github.com/gethugothemes/hugo-modules/shortcodes/tabs v0.0.0-20230522112131-f98e6d34f6a4/go.mod h1:zaQhvQgsSOWfSm/zP3NbWWEfrxgrcdpBblljz2IA2vA=
github.com/gethugothemes/hugo-modules/shortcodes/video v0.0.0-20230522112131-f98e6d34f6a4 h1:a2SBhmNGJNkXoU+SGyHe1yJ0xjqp7sVje1+ury7clDc=
github.com/gethugothemes/hugo-modules/shortcodes/video v0.0.0-20230522112131-f98e6d34f6a4/go.mod h1:s5CHMBd7/NalnckFfRhZJvqXPY/QTrluDvRgZm7+Cr0=
github.com/gethugothemes/hugo-modules/shortcodes/vimeo-lite v0.0.0-20230522112131-f98e6d34f6a4 h1:bz1yB9ZItEdbREhjXz7cGy7lNsRX6/ilj9bKcMRwMIU=
github.com/gethugothemes/hugo-modules/shortcodes/vimeo-lite v0.0.0-20230522112131-f98e6d34f6a4/go.mod h1:Ac9Ell5o+JV5DZ9dBgW767ZcSvoz/x+2UuFLvMoThwk=
github.com/gethugothemes/hugo-modules/shortcodes/youtube-lite v0.0.0-20230522112131-f98e6d34f6a4 h1:CfkQo+i2J7jvUujd2OTGYSYE3uwI+q6/roKFncmtNXk=
github.com/gethugothemes/hugo-modules/shortcodes/youtube-lite v0.0.0-20230522112131-f98e6d34f6a4/go.mod h1:DtWNw6au8NQg1Y0x470DstCHqjWZPnwm61Uu6ZIMy50=
github.com/gohugoio/hugo-mod-bootstrap-scss/v5 v5.20200.20101 h1:wUe8RXjpJYs83CucuWJT7XuqCzQ52f5/N7zlV8woHEg=
github.com/gohugoio/hugo-mod-bootstrap-scss/v5 v5.20200.20101/go.mod h1:Z5Bhe4pfn8reoHhWqCQMWEAynLCIeBAt1TDwni4fipM=
github.com/gohugoio/hugo-mod-jslibs-dist/popperjs/v2 v2.21100.20000/go.mod h1:mFberT6ZtcchrsDtfvJM7aAH2bDKLdOnruUHl0hlapI=
github.com/twbs/bootstrap v5.2.1+incompatible/go.mod h1:fZTSrkpSf0/HkL0IIJzvVspTt1r9zuf7XlZau8kpcY0=
